// !$*UTF8*$!
{
	archiveVersion = 1;
	classes = {
	};
	objectVersion = 46;
	objects = {

/* Begin PBXBuildFile section */
		A92F3E9F1AA3E77C00823F24 /* AppDelegate.swift in Sources */ = {isa = PBXBuildFile; fileRef = A92F3E9E1AA3E77C00823F24 /* AppDelegate.swift */; };
		A92F3EA41AA3E77C00823F24 /* Main.storyboard in Resources */ = {isa = PBXBuildFile; fileRef = A92F3EA21AA3E77C00823F24 /* Main.storyboard */; };
		A92F3EA61AA3E77C00823F24 /* Images.xcassets in Resources */ = {isa = PBXBuildFile; fileRef = A92F3EA51AA3E77C00823F24 /* Images.xcassets */; };
		A92F3EA91AA3E77C00823F24 /* LaunchScreen.xib in Resources */ = {isa = PBXBuildFile; fileRef = A92F3EA71AA3E77C00823F24 /* LaunchScreen.xib */; };
		A92F3EB51AA3E77D00823F24 /* Famous_Movies__Famous_QuotesTests.swift in Sources */ = {isa = PBXBuildFile; fileRef = A92F3EB41AA3E77D00823F24 /* Famous_Movies__Famous_QuotesTests.swift */; };
		A92F3EBF1AA3E7B800823F24 /* FamousMoviesTableViewController.swift in Sources */ = {isa = PBXBuildFile; fileRef = A92F3EBE1AA3E7B800823F24 /* FamousMoviesTableViewController.swift */; };
		A92F3EC11AA3E7D600823F24 /* FamousQuotesTableViewController.swift in Sources */ = {isa = PBXBuildFile; fileRef = A92F3EC01AA3E7D600823F24 /* FamousQuotesTableViewController.swift */; };
		A92F3EC31AA3E7F200823F24 /* FamousMovie.swift in Sources */ = {isa = PBXBuildFile; fileRef = A92F3EC21AA3E7F200823F24 /* FamousMovie.swift */; };
/* End PBXBuildFile section */

/* Begin PBXContainerItemProxy section */
		A92F3EAF1AA3E77D00823F24 /* PBXContainerItemProxy */ = {
			isa = PBXContainerItemProxy;
			containerPortal = A92F3E911AA3E77B00823F24 /* Project object */;
			proxyType = 1;
			remoteGlobalIDString = A92F3E981AA3E77C00823F24;
			remoteInfo = "Famous Movies, Famous Quotes";
		};
/* End PBXContainerItemProxy section */

/* Begin PBXFileReference section */
		A92F3E991AA3E77C00823F24 /* Famous Movies, Famous Quotes.app */ = {isa = PBXFileReference; explicitFileType = wrapper.application; includeInIndex = 0; path = "Famous Movies, Famous Quotes.app"; sourceTree = BUILT_PRODUCTS_DIR; };
		A92F3E9D1AA3E77C00823F24 /* Info.plist */ = {isa = PBXFileReference; lastKnownFileType = text.plist.xml; path = Info.plist; sourceTree = "<group>"; };
		A92F3E9E1AA3E77C00823F24 /* AppDelegate.swift */ = {isa = PBXFileReference; lastKnownFileType = sourcecode.swift; path = AppDelegate.swift; sourceTree = "<group>"; };
		A92F3EA31AA3E77C00823F24 /* Base */ = {isa = PBXFileReference; lastKnownFileType = file.storyboard; name = Base; path = Base.lproj/Main.storyboard; sourceTree = "<group>"; };
		A92F3EA51AA3E77C00823F24 /* Images.xcassets */ = {isa = PBXFileReference; lastKnownFileType = folder.assetcatalog; path = Images.xcassets; sourceTree = "<group>"; };
		A92F3EA81AA3E77C00823F24 /* Base */ = {isa = PBXFileReference; lastKnownFileType = file.xib; name = Base; path = Base.lproj/LaunchScreen.xib; sourceTree = "<group>"; };
		A92F3EAE1AA3E77D00823F24 /* Famous Movies, Famous QuotesTests.xctest */ = {isa = PBXFileReference; explicitFileType = wrapper.cfbundle; includeInIndex = 0; path = "Famous Movies, Famous QuotesTests.xctest"; sourceTree = BUILT_PRODUCTS_DIR; };
		A92F3EB31AA3E77D00823F24 /* Info.plist */ = {isa = PBXFileReference; lastKnownFileType = text.plist.xml; path = Info.plist; sourceTree = "<group>"; };
		A92F3EB41AA3E77D00823F24 /* Famous_Movies__Famous_QuotesTests.swift */ = {isa = PBXFileReference; lastKnownFileType = sourcecode.swift; path = Famous_Movies__Famous_QuotesTests.swift; sourceTree = "<group>"; };
		A92F3EBE1AA3E7B800823F24 /* FamousMoviesTableViewController.swift */ = {isa = PBXFileReference; fileEncoding = 4; lastKnownFileType = sourcecode.swift; path = FamousMoviesTableViewController.swift; sourceTree = "<group>"; };
		A92F3EC01AA3E7D600823F24 /* FamousQuotesTableViewController.swift */ = {isa = PBXFileReference; fileEncoding = 4; lastKnownFileType = sourcecode.swift; path = FamousQuotesTableViewController.swift; sourceTree = "<group>"; };
		A92F3EC21AA3E7F200823F24 /* FamousMovie.swift */ = {isa = PBXFileReference; fileEncoding = 4; lastKnownFileType = sourcecode.swift; path = FamousMovie.swift; sourceTree = "<group>"; };
/* End PBXFileReference section */

/* Begin PBXFrameworksBuildPhase section */
		A92F3E961AA3E77C00823F24 /* Frameworks */ = {
			isa = PBXFrameworksBuildPhase;
			buildActionMask = 2147483647;
			files = (
			);
			runOnlyForDeploymentPostprocessing = 0;
		};
		A92F3EAB1AA3E77D00823F24 /* Frameworks */ = {
			isa = PBXFrameworksBuildPhase;
			buildActionMask = 2147483647;
			files = (
			);
			runOnlyForDeploymentPostprocessing = 0;
		};
/* End PBXFrameworksBuildPhase section */

/* Begin PBXGroup section */
		A92F3E901AA3E77B00823F24 = {
			isa = PBXGroup;
			children = (
				A92F3E9B1AA3E77C00823F24 /* Famous Movies, Famous Quotes */,
				A92F3EB11AA3E77D00823F24 /* Famous Movies, Famous QuotesTests */,
				A92F3E9A1AA3E77C00823F24 /* Products */,
			);
			sourceTree = "<group>";
		};
		A92F3E9A1AA3E77C00823F24 /* Products */ = {
			isa = PBXGroup;
			children = (
				A92F3E991AA3E77C00823F24 /* Famous Movies, Famous Quotes.app */,
				A92F3EAE1AA3E77D00823F24 /* Famous Movies, Famous QuotesTests.xctest */,
			);
			name = Products;
			sourceTree = "<group>";
		};
		A92F3E9B1AA3E77C00823F24 /* Famous Movies, Famous Quotes */ = {
			isa = PBXGroup;
			children = (
				A92F3E9E1AA3E77C00823F24 /* AppDelegate.swift */,
				A92F3EA21AA3E77C00823F24 /* Main.storyboard */,
				A92F3EA51AA3E77C00823F24 /* Images.xcassets */,
				A92F3EA71AA3E77C00823F24 /* LaunchScreen.xib */,
				A92F3E9C1AA3E77C00823F24 /* Supporting Files */,
				A92F3EBE1AA3E7B800823F24 /* FamousMoviesTableViewController.swift */,
				A92F3EC01AA3E7D600823F24 /* FamousQuotesTableViewController.swift */,
				A92F3EC21AA3E7F200823F24 /* FamousMovie.swift */,
			);
			path = "Famous Movies, Famous Quotes";
			sourceTree = "<group>";
		};
		A92F3E9C1AA3E77C00823F24 /* Supporting Files */ = {
			isa = PBXGroup;
			children = (
				A92F3E9D1AA3E77C00823F24 /* Info.plist */,
			);
			name = "Supporting Files";
			sourceTree = "<group>";
		};
		A92F3EB11AA3E77D00823F24 /* Famous Movies, Famous QuotesTests */ = {
			isa = PBXGroup;
			children = (
				A92F3EB41AA3E77D00823F24 /* Famous_Movies__Famous_QuotesTests.swift */,
				A92F3EB21AA3E77D00823F24 /* Supporting Files */,
			);
			path = "Famous Movies, Famous QuotesTests";
			sourceTree = "<group>";
		};
		A92F3EB21AA3E77D00823F24 /* Supporting Files */ = {
			isa = PBXGroup;
			children = (
				A92F3EB31AA3E77D00823F24 /* Info.plist */,
			);
			name = "Supporting Files";
			sourceTree = "<group>";
		};
/* End PBXGroup section */

/* Begin PBXNativeTarget section */
		A92F3E981AA3E77C00823F24 /* Famous Movies, Famous Quotes */ = {
			isa = PBXNativeTarget;
			buildConfigurationList = A92F3EB81AA3E77D00823F24 /* Build configuration list for PBXNativeTarget "Famous Movies, Famous Quotes" */;
			buildPhases = (
				A92F3E951AA3E77C00823F24 /* Sources */,
				A92F3E961AA3E77C00823F24 /* Frameworks */,
				A92F3E971AA3E77C00823F24 /* Resources */,
			);
			buildRules = (
			);
			dependencies = (
			);
			name = "Famous Movies, Famous Quotes";
			productName = "Famous Movies, Famous Quotes";
			productReference = A92F3E991AA3E77C00823F24 /* Famous Movies, Famous Quotes.app */;
			productType = "com.apple.product-type.application";
		};
		A92F3EAD1AA3E77D00823F24 /* Famous Movies, Famous QuotesTests */ = {
			isa = PBXNativeTarget;
			buildConfigurationList = A92F3EBB1AA3E77D00823F24 /* Build configuration list for PBXNativeTarget "Famous Movies, Famous QuotesTests" */;
			buildPhases = (
				A92F3EAA1AA3E77D00823F24 /* Sources */,
				A92F3EAB1AA3E77D00823F24 /* Frameworks */,
				A92F3EAC1AA3E77D00823F24 /* Resources */,
			);
			buildRules = (
			);
			dependencies = (
				A92F3EB01AA3E77D00823F24 /* PBXTargetDependency */,
			);
			name = "Famous Movies, Famous QuotesTests";
			productName = "Famous Movies, Famous QuotesTests";
			productReference = A92F3EAE1AA3E77D00823F24 /* Famous Movies, Famous QuotesTests.xctest */;
			productType = "com.apple.product-type.bundle.unit-test";
		};
/* End PBXNativeTarget section */

/* Begin PBXProject section */
		A92F3E911AA3E77B00823F24 /* Project object */ = {
			isa = PBXProject;
			attributes = {
				LastUpgradeCheck = 0610;
				ORGANIZATIONNAME = Santhoshi;
				TargetAttributes = {
					A92F3E981AA3E77C00823F24 = {
						CreatedOnToolsVersion = 6.1.1;
					};
					A92F3EAD1AA3E77D00823F24 = {
						CreatedOnToolsVersion = 6.1.1;
						TestTargetID = A92F3E981AA3E77C00823F24;
					};
				};
			};
			buildConfigurationList = A92F3E941AA3E77C00823F24 /* Build configuration list for PBXProject "Famous Movies, Famous Quotes" */;
			compatibilityVersion = "Xcode 3.2";
			developmentRegion = English;
			hasScannedForEncodings = 0;
			knownRegions = (
				en,
				Base,
			);
			mainGroup = A92F3E901AA3E77B00823F24;
			productRefGroup = A92F3E9A1AA3E77C00823F24 /* Products */;
			projectDirPath = "";
			projectRoot = "";
			targets = (
				A92F3E981AA3E77C00823F24 /* Famous Movies, Famous Quotes */,
				A92F3EAD1AA3E77D00823F24 /* Famous Movies, Famous QuotesTests */,
			);
		};
/* End PBXProject section */

/* Begin PBXResourcesBuildPhase section */
		A92F3E971AA3E77C00823F24 /* Resources */ = {
			isa = PBXResourcesBuildPhase;
			buildActionMask = 2147483647;
			files = (
				A92F3EA41AA3E77C00823F24 /* Main.storyboard in Resources */,
				A92F3EA91AA3E77C00823F24 /* LaunchScreen.xib in Resources */,
				A92F3EA61AA3E77C00823F24 /* Images.xcassets in Resources */,
			);
			runOnlyForDeploymentPostprocessing = 0;
		};
		A92F3EAC1AA3E77D00823F24 /* Resources */ = {
			isa = PBXResourcesBuildPhase;
			buildActionMask = 2147483647;
			files = (
			);
			runOnlyForDeploymentPostprocessing = 0;
		};
/* End PBXResourcesBuildPhase section */

/* Begin PBXSourcesBuildPhase section */
		A92F3E951AA3E77C00823F24 /* Sources */ = {
			isa = PBXSourcesBuildPhase;
			buildActionMask = 2147483647;
			files = (
				A92F3EC31AA3E7F200823F24 /* FamousMovie.swift in Sources */,
				A92F3EBF1AA3E7B800823F24 /* FamousMoviesTableViewController.swift in Sources */,
				A92F3E9F1AA3E77C00823F24 /* AppDelegate.swift in Sources */,
				A92F3EC11AA3E7D600823F24 /* FamousQuotesTableViewController.swift in Sources */,
			);
			runOnlyForDeploymentPostprocessing = 0;
		};
		A92F3EAA1AA3E77D00823F24 /* Sources */ = {
			isa = PBXSourcesBuildPhase;
			buildActionMask = 2147483647;
			files = (
				A92F3EB51AA3E77D00823F24 /* Famous_Movies__Famous_QuotesTests.swift in Sources */,
			);
			runOnlyForDeploymentPostprocessing = 0;
		};
/* End PBXSourcesBuildPhase section */

/* Begin PBXTargetDependency section */
		A92F3EB01AA3E77D00823F24 /* PBXTargetDependency */ = {
			isa = PBXTargetDependency;
			target = A92F3E981AA3E77C00823F24 /* Famous Movies, Famous Quotes */;
			targetProxy = A92F3EAF1AA3E77D00823F24 /* PBXContainerItemProxy */;
		};
/* End PBXTargetDependency section */

/* Begin PBXVariantGroup section */
		A92F3EA21AA3E77C00823F24 /* Main.storyboard */ = {
			isa = PBXVariantGroup;
			children = (
				A92F3EA31AA3E77C00823F24 /* Base */,
			);
			name = Main.storyboard;
			sourceTree = "<group>";
		};
		A92F3EA71AA3E77C00823F24 /* LaunchScreen.xib */ = {
			isa = PBXVariantGroup;
			children = (
				A92F3EA81AA3E77C00823F24 /* Base */,
			);
			name = LaunchScreen.xib;
			sourceTree = "<group>";
		};
/* End PBXVariantGroup section */

/* Begin XCBuildConfiguration section */
		A92F3EB61AA3E77D00823F24 /* Debug */ = {
			isa = XCBuildConfiguration;
			buildSettings = {
				ALWAYS_SEARCH_USER_PATHS = NO;
				CLANG_CXX_LANGUAGE_STANDARD = "gnu++0x";
				CLANG_CXX_LIBRARY = "libc++";
				CLANG_ENABLE_MODULES = YES;
				CLANG_ENABLE_OBJC_ARC = YES;
				CLANG_WARN_BOOL_CONVERSION = YES;
				CLANG_WARN_CONSTANT_CONVERSION = YES;
				CLANG_WARN_DIRECT_OBJC_ISA_USAGE = YES_ERROR;
				CLANG_WARN_EMPTY_BODY = YES;
				CLANG_WARN_ENUM_CONVERSION = YES;
				CLANG_WARN_INT_CONVERSION = YES;
				CLANG_WARN_OBJC_ROOT_CLASS = YES_ERROR;
				CLANG_WARN_UNREACHABLE_CODE = YES;
				CLANG_WARN__DUPLICATE_METHOD_MATCH = YES;
				"CODE_SIGN_IDENTITY[sdk=iphoneos*]" = "iPhone Developer";
				COPY_PHASE_STRIP = NO;
				ENABLE_STRICT_OBJC_MSGSEND = YES;
				GCC_C_LANGUAGE_STANDARD = gnu99;
				GCC_DYNAMIC_NO_PIC = NO;
				GCC_OPTIMIZATION_LEVEL = 0;
				GCC_PREPROCESSOR_DEFINITIONS = (
					"DEBUG=1",
					"$(inherited)",
				);
				GCC_SYMBOLS_PRIVATE_EXTERN = NO;
				GCC_WARN_64_TO_32_BIT_CONVERSION = YES;
				GCC_WARN_ABOUT_RETURN_TYPE = YES_ERROR;
				GCC_WARN_UNDECLARED_SELECTOR = YES;
				GCC_WARN_UNINITIALIZED_AUTOS = YES_AGGRESSIVE;
				GCC_WARN_UNUSED_FUNCTION = YES;
				GCC_WARN_UNUSED_VARIABLE = YES;
				IPHONEOS_DEPLOYMENT_TARGET = 8.1;
				MTL_ENABLE_DEBUG_INFO = YES;
				ONLY_ACTIVE_ARCH = YES;
				SDKROOT = iphoneos;
				SWIFT_OPTIMIZATION_LEVEL = "-Onone";
			};
			name = Debug;
		};
		A92F3EB71AA3E77D00823F24 /* Release */ = {
			isa = XCBuildConfiguration;
			buildSettings = {
				ALWAYS_SEARCH_USER_PATHS = NO;
				CLANG_CXX_LANGUAGE_STANDARD = "gnu++0x";
				CLANG_CXX_LIBRARY = "libc++";
				CLANG_ENABLE_MODULES = YES;
				CLANG_ENABLE_OBJC_ARC = YES;
				CLANG_WARN_BOOL_CONVERSION = YES;
				CLANG_WARN_CONSTANT_CONVERSION = YES;
				CLANG_WARN_DIRECT_OBJC_ISA_USAGE = YES_ERROR;
				CLANG_WARN_EMPTY_BODY = YES;
				CLANG_WARN_ENUM_CONVERSION = YES;
				CLANG_WARN_INT_CONVERSION = YES;
				CLANG_WARN_OBJC_ROOT_CLASS = YES_ERROR;
				CLANG_WARN_UNREACHABLE_CODE = YES;
				CLANG_WARN__DUPLICATE_METHOD_MATCH = YES;
				"CODE_SIGN_IDENTITY[sdk=iphoneos*]" = "iPhone Developer";
				COPY_PHASE_STRIP = YES;
				ENABLE_NS_ASSERTIONS = NO;
				ENABLE_STRICT_OBJC_MSGSEND = YES;
				GCC_C_LANGUAGE_STANDARD = gnu99;
				GCC_WARN_64_TO_32_BIT_CONVERSION = YES;
				GCC_WARN_ABOUT_RETURN_TYPE = YES_ERROR;
				GCC_WARN_UNDECLARED_SELECTOR = YES;
				GCC_WARN_UNINITIALIZED_AUTOS = YES_AGGRESSIVE;
				GCC_WARN_UNUSED_FUNCTION = YES;
				GCC_WARN_UNUSED_VARIABLE = YES;
				IPHONEOS_DEPLOYMENT_TARGET = 8.1;
				MTL_ENABLE_DEBUG_INFO = NO;
				SDKROOT = iphoneos;
				VALIDATE_PRODUCT = YES;
			};
			name = Release;
		};
		A92F3EB91AA3E77D00823F24 /* Debug */ = {
			isa = XCBuildConfiguration;
			buildSettings = {
				ASSETCATALOG_COMPILER_APPICON_NAME = AppIcon;
				INFOPLIST_FILE = "Famous Movies, Famous Quotes/Info.plist";
				LD_RUNPATH_SEARCH_PATHS = "$(inherited) @executable_path/Frameworks";
				PRODUCT_NAME = "$(TARGET_NAME)";
			};
			name = Debug;
		};
		A92F3EBA1AA3E77D00823F24 /* Release */ = {
			isa = XCBuildConfiguration;
			buildSettings = {
				ASSETCATALOG_COMPILER_APPICON_NAME = AppIcon;
				INFOPLIST_FILE = "Famous Movies, Famous Quotes/Info.plist";
				LD_RUNPATH_SEARCH_PATHS = "$(inherited) @executable_path/Frameworks";
				PRODUCT_NAME = "$(TARGET_NAME)";
			};
			name = Release;
		};
		A92F3EBC1AA3E77D00823F24 /* Debug */ = {
			isa = XCBuildConfiguration;
			buildSettings = {
				BUNDLE_LOADER = "$(TEST_HOST)";
				FRAMEWORK_SEARCH_PATHS = (
					"$(SDKROOT)/Developer/Library/Frameworks",
					"$(inherited)",
				);
				GCC_PREPROCESSOR_DEFINITIONS = (
					"DEBUG=1",
					"$(inherited)",
				);
				INFOPLIST_FILE = "Famous Movies, Famous QuotesTests/Info.plist";
				LD_RUNPATH_SEARCH_PATHS = "$(inherited) @executable_path/Frameworks @loader_path/Frameworks";
				PRODUCT_NAME = "$(TARGET_NAME)";
				TEST_HOST = "$(BUILT_PRODUCTS_DIR)/Famous Movies, Famous Quotes.app/Famous Movies, Famous Quotes";
			};
			name = Debug;
		};
		A92F3EBD1AA3E77D00823F24 /* Release */ = {
			isa = XCBuildConfiguration;
			buildSettings = {
				BUNDLE_LOADER = "$(TEST_HOST)";
				FRAMEWORK_SEARCH_PATHS = (
					"$(SDKROOT)/Developer/Library/Frameworks",
					"$(inherited)",
				);
				INFOPLIST_FILE = "Famous Movies, Famous QuotesTests/Info.plist";
				LD_RUNPATH_SEARCH_PATHS = "$(inherited) @executable_path/Frameworks @loader_path/Frameworks";
				PRODUCT_NAME = "$(TARGET_NAME)";
				TEST_HOST = "$(BUILT_PRODUCTS_DIR)/Famous Movies, Famous Quotes.app/Famous Movies, Famous Quotes";
			};
			name = Release;
		};
/* End XCBuildConfiguration section */

/* Begin XCConfigurationList section */
		A92F3E941AA3E77C00823F24 /* Build configuration list for PBXProject "Famous Movies, Famous Quotes" */ = {
			isa = XCConfigurationList;
			buildConfigurations = (
				A92F3EB61AA3E77D00823F24 /* Debug */,
				A92F3EB71AA3E77D00823F24 /* Release */,
			);
			defaultConfigurationIsVisible = 0;
			defaultConfigurationName = Release;
		};
		A92F3EB81AA3E77D00823F24 /* Build configuration list for PBXNativeTarget "Famous Movies, Famous Quotes" */ = {
			isa = XCConfigurationList;
			buildConfigurations = (
				A92F3EB91AA3E77D00823F24 /* Debug */,
				A92F3EBA1AA3E77D00823F24 /* Release */,
			);
			defaultConfigurationIsVisible = 0;
		};
		A92F3EBB1AA3E77D00823F24 /* Build configuration list for PBXNativeTarget "Famous Movies, Famous QuotesTests" */ = {
			isa = XCConfigurationList;
			buildConfigurations = (
				A92F3EBC1AA3E77D00823F24 /* Debug */,
				A92F3EBD1AA3E77D00823F24 /* Release */,
			);
			defaultConfigurationIsVisible = 0;
		};
/* End XCConfigurationList section */
	};
	rootObject = A92F3E911AA3E77B00823F24 /* Project object */;
}
